// !$*UTF8*$!
{
	archiveVersion = 1;
	classes = {
	};
	objectVersion = 56;
	objects = {

/* Begin PBXBuildFile section */
		FA10317C2B7773A000FFBDC3 /* AppDelegate.swift in Sources */ = {isa = PBXBuildFile; fileRef = FA10317B2B7773A000FFBDC3 /* AppDelegate.swift */; };
		FA10317E2B7773A000FFBDC3 /* SceneDelegate.swift in Sources */ = {isa = PBXBuildFile; fileRef = FA10317D2B7773A000FFBDC3 /* SceneDelegate.swift */; };
		FA1031852B7773A300FFBDC3 /* Assets.xcassets in Resources */ = {isa = PBXBuildFile; fileRef = FA1031842B7773A300FFBDC3 /* Assets.xcassets */; };
		FA1031882B7773A300FFBDC3 /* LaunchScreen.storyboard in Resources */ = {isa = PBXBuildFile; fileRef = FA1031862B7773A300FFBDC3 /* LaunchScreen.storyboard */; };
		FA1031932B7773A300FFBDC3 /* ListOfWordsTests.swift in Sources */ = {isa = PBXBuildFile; fileRef = FA1031922B7773A300FFBDC3 /* ListOfWordsTests.swift */; };
		FA10319D2B7773A300FFBDC3 /* ListOfWordsUITests.swift in Sources */ = {isa = PBXBuildFile; fileRef = FA10319C2B7773A300FFBDC3 /* ListOfWordsUITests.swift */; };
		FA10319F2B7773A300FFBDC3 /* ListOfWordsUITestsLaunchTests.swift in Sources */ = {isa = PBXBuildFile; fileRef = FA10319E2B7773A300FFBDC3 /* ListOfWordsUITestsLaunchTests.swift */; };
		FA33EEBE2B7A926F00E5C3BF /* DatabaseManager.swift in Sources */ = {isa = PBXBuildFile; fileRef = FA33EEBD2B7A926F00E5C3BF /* DatabaseManager.swift */; };
		FA44298A2B7796B50087F5EB /* ListWordsPresenter.swift in Sources */ = {isa = PBXBuildFile; fileRef = FA4429842B7796B50087F5EB /* ListWordsPresenter.swift */; };
		FA44298B2B7796B50087F5EB /* ListWordsWorker.swift in Sources */ = {isa = PBXBuildFile; fileRef = FA4429852B7796B50087F5EB /* ListWordsWorker.swift */; };
		FA44298C2B7796B50087F5EB /* ListWordsRouter.swift in Sources */ = {isa = PBXBuildFile; fileRef = FA4429862B7796B50087F5EB /* ListWordsRouter.swift */; };
		FA44298D2B7796B50087F5EB /* ListWordsModels.swift in Sources */ = {isa = PBXBuildFile; fileRef = FA4429872B7796B50087F5EB /* ListWordsModels.swift */; };
		FA44298E2B7796B50087F5EB /* ListWordsViewController.swift in Sources */ = {isa = PBXBuildFile; fileRef = FA4429882B7796B50087F5EB /* ListWordsViewController.swift */; };
		FA44298F2B7796B50087F5EB /* ListWordsInteractor.swift in Sources */ = {isa = PBXBuildFile; fileRef = FA4429892B7796B50087F5EB /* ListWordsInteractor.swift */; };
		FA95DA892B78DF9A006BC414 /* WordTableViewCell.swift in Sources */ = {isa = PBXBuildFile; fileRef = FA95DA882B78DF9A006BC414 /* WordTableViewCell.swift */; };
		FA95DA8C2B78E4A4006BC414 /* list_of_words.txt in Resources */ = {isa = PBXBuildFile; fileRef = FA95DA8B2B78E4A4006BC414 /* list_of_words.txt */; };
		FA95DA942B79366E006BC414 /* WordDetailsPresenter.swift in Sources */ = {isa = PBXBuildFile; fileRef = FA95DA8E2B79366E006BC414 /* WordDetailsPresenter.swift */; };
		FA95DA952B79366E006BC414 /* WordDetailsWorker.swift in Sources */ = {isa = PBXBuildFile; fileRef = FA95DA8F2B79366E006BC414 /* WordDetailsWorker.swift */; };
		FA95DA962B79366E006BC414 /* WordDetailsRouter.swift in Sources */ = {isa = PBXBuildFile; fileRef = FA95DA902B79366E006BC414 /* WordDetailsRouter.swift */; };
		FA95DA972B79366E006BC414 /* WordDetailsModels.swift in Sources */ = {isa = PBXBuildFile; fileRef = FA95DA912B79366E006BC414 /* WordDetailsModels.swift */; };
		FA95DA982B79366E006BC414 /* WordDetailsViewController.swift in Sources */ = {isa = PBXBuildFile; fileRef = FA95DA922B79366E006BC414 /* WordDetailsViewController.swift */; };
		FA95DA992B79366E006BC414 /* WordDetailsInteractor.swift in Sources */ = {isa = PBXBuildFile; fileRef = FA95DA932B79366E006BC414 /* WordDetailsInteractor.swift */; };
		FA95DA9B2B7938A3006BC414 /* ToastMessage.swift in Sources */ = {isa = PBXBuildFile; fileRef = FA95DA9A2B7938A3006BC414 /* ToastMessage.swift */; };
		FAA3D0F12B7D4173003D06B7 /* ResponseError.swift in Sources */ = {isa = PBXBuildFile; fileRef = FAA3D0F02B7D4173003D06B7 /* ResponseError.swift */; };
/* End PBXBuildFile section */

/* Begin PBXContainerItemProxy section */
		FA10318F2B7773A300FFBDC3 /* PBXContainerItemProxy */ = {
			isa = PBXContainerItemProxy;
			containerPortal = FA1031702B7773A000FFBDC3 /* Project object */;
			proxyType = 1;
			remoteGlobalIDString = FA1031772B7773A000FFBDC3;
			remoteInfo = ListOfWords;
		};
		FA1031992B7773A300FFBDC3 /* PBXContainerItemProxy */ = {
			isa = PBXContainerItemProxy;
			containerPortal = FA1031702B7773A000FFBDC3 /* Project object */;
			proxyType = 1;
			remoteGlobalIDString = FA1031772B7773A000FFBDC3;
			remoteInfo = ListOfWords;
		};
/* End PBXContainerItemProxy section */

/* Begin PBXFileReference section */
		FA1031782B7773A000FFBDC3 /* ListOfWords.app */ = {isa = PBXFileReference; explicitFileType = wrapper.application; includeInIndex = 0; path = ListOfWords.app; sourceTree = BUILT_PRODUCTS_DIR; };
		FA10317B2B7773A000FFBDC3 /* AppDelegate.swift */ = {isa = PBXFileReference; lastKnownFileType = sourcecode.swift; path = AppDelegate.swift; sourceTree = "<group>"; };
		FA10317D2B7773A000FFBDC3 /* SceneDelegate.swift */ = {isa = PBXFileReference; lastKnownFileType = sourcecode.swift; path = SceneDelegate.swift; sourceTree = "<group>"; };
		FA1031842B7773A300FFBDC3 /* Assets.xcassets */ = {isa = PBXFileReference; lastKnownFileType = folder.assetcatalog; path = Assets.xcassets; sourceTree = "<group>"; };
		FA1031872B7773A300FFBDC3 /* Base */ = {isa = PBXFileReference; lastKnownFileType = file.storyboard; name = Base; path = Base.lproj/LaunchScreen.storyboard; sourceTree = "<group>"; };
		FA1031892B7773A300FFBDC3 /* Info.plist */ = {isa = PBXFileReference; lastKnownFileType = text.plist.xml; path = Info.plist; sourceTree = "<group>"; };
		FA10318E2B7773A300FFBDC3 /* ListOfWordsTests.xctest */ = {isa = PBXFileReference; explicitFileType = wrapper.cfbundle; includeInIndex = 0; path = ListOfWordsTests.xctest; sourceTree = BUILT_PRODUCTS_DIR; };
		FA1031922B7773A300FFBDC3 /* ListOfWordsTests.swift */ = {isa = PBXFileReference; lastKnownFileType = sourcecode.swift; path = ListOfWordsTests.swift; sourceTree = "<group>"; };
		FA1031982B7773A300FFBDC3 /* ListOfWordsUITests.xctest */ = {isa = PBXFileReference; explicitFileType = wrapper.cfbundle; includeInIndex = 0; path = ListOfWordsUITests.xctest; sourceTree = BUILT_PRODUCTS_DIR; };
		FA10319C2B7773A300FFBDC3 /* ListOfWordsUITests.swift */ = {isa = PBXFileReference; lastKnownFileType = sourcecode.swift; path = ListOfWordsUITests.swift; sourceTree = "<group>"; };
		FA10319E2B7773A300FFBDC3 /* ListOfWordsUITestsLaunchTests.swift */ = {isa = PBXFileReference; lastKnownFileType = sourcecode.swift; path = ListOfWordsUITestsLaunchTests.swift; sourceTree = "<group>"; };
		FA33EEB82B7A8AD800E5C3BF /* CoreData.framework */ = {isa = PBXFileReference; lastKnownFileType = wrapper.framework; name = CoreData.framework; path = System/Library/Frameworks/CoreData.framework; sourceTree = SDKROOT; };
		FA33EEBD2B7A926F00E5C3BF /* DatabaseManager.swift */ = {isa = PBXFileReference; lastKnownFileType = sourcecode.swift; path = DatabaseManager.swift; sourceTree = "<group>"; };
		FA4429842B7796B50087F5EB /* ListWordsPresenter.swift */ = {isa = PBXFileReference; lastKnownFileType = sourcecode.swift; path = ListWordsPresenter.swift; sourceTree = "<group>"; };
		FA4429852B7796B50087F5EB /* ListWordsWorker.swift */ = {isa = PBXFileReference; lastKnownFileType = sourcecode.swift; path = ListWordsWorker.swift; sourceTree = "<group>"; };
		FA4429862B7796B50087F5EB /* ListWordsRouter.swift */ = {isa = PBXFileReference; lastKnownFileType = sourcecode.swift; path = ListWordsRouter.swift; sourceTree = "<group>"; };
		FA4429872B7796B50087F5EB /* ListWordsModels.swift */ = {isa = PBXFileReference; lastKnownFileType = sourcecode.swift; path = ListWordsModels.swift; sourceTree = "<group>"; };
		FA4429882B7796B50087F5EB /* ListWordsViewController.swift */ = {isa = PBXFileReference; lastKnownFileType = sourcecode.swift; path = ListWordsViewController.swift; sourceTree = "<group>"; };
		FA4429892B7796B50087F5EB /* ListWordsInteractor.swift */ = {isa = PBXFileReference; lastKnownFileType = sourcecode.swift; path = ListWordsInteractor.swift; sourceTree = "<group>"; };
		FA95DA882B78DF9A006BC414 /* WordTableViewCell.swift */ = {isa = PBXFileReference; lastKnownFileType = sourcecode.swift; path = WordTableViewCell.swift; sourceTree = "<group>"; };
		FA95DA8B2B78E4A4006BC414 /* list_of_words.txt */ = {isa = PBXFileReference; fileEncoding = 4; lastKnownFileType = text; path = list_of_words.txt; sourceTree = "<group>"; };
		FA95DA8E2B79366E006BC414 /* WordDetailsPresenter.swift */ = {isa = PBXFileReference; lastKnownFileType = sourcecode.swift; path = WordDetailsPresenter.swift; sourceTree = "<group>"; };
		FA95DA8F2B79366E006BC414 /* WordDetailsWorker.swift */ = {isa = PBXFileReference; lastKnownFileType = sourcecode.swift; path = WordDetailsWorker.swift; sourceTree = "<group>"; };
		FA95DA902B79366E006BC414 /* WordDetailsRouter.swift */ = {isa = PBXFileReference; lastKnownFileType = sourcecode.swift; path = WordDetailsRouter.swift; sourceTree = "<group>"; };
		FA95DA912B79366E006BC414 /* WordDetailsModels.swift */ = {isa = PBXFileReference; lastKnownFileType = sourcecode.swift; path = WordDetailsModels.swift; sourceTree = "<group>"; };
		FA95DA922B79366E006BC414 /* WordDetailsViewController.swift */ = {isa = PBXFileReference; lastKnownFileType = sourcecode.swift; path = WordDetailsViewController.swift; sourceTree = "<group>"; };
		FA95DA932B79366E006BC414 /* WordDetailsInteractor.swift */ = {isa = PBXFileReference; lastKnownFileType = sourcecode.swift; path = WordDetailsInteractor.swift; sourceTree = "<group>"; };
		FA95DA9A2B7938A3006BC414 /* ToastMessage.swift */ = {isa = PBXFileReference; lastKnownFileType = sourcecode.swift; path = ToastMessage.swift; sourceTree = "<group>"; };
		FAA3D0F02B7D4173003D06B7 /* ResponseError.swift */ = {isa = PBXFileReference; lastKnownFileType = sourcecode.swift; path = ResponseError.swift; sourceTree = "<group>"; };
/* End PBXFileReference section */

/* Begin PBXFrameworksBuildPhase section */
		FA1031752B7773A000FFBDC3 /* Frameworks */ = {
			isa = PBXFrameworksBuildPhase;
			buildActionMask = 2147483647;
			files = (
			);
			runOnlyForDeploymentPostprocessing = 0;
		};
		FA10318B2B7773A300FFBDC3 /* Frameworks */ = {
			isa = PBXFrameworksBuildPhase;
			buildActionMask = 2147483647;
			files = (
			);
			runOnlyForDeploymentPostprocessing = 0;
		};
		FA1031952B7773A300FFBDC3 /* Frameworks */ = {
			isa = PBXFrameworksBuildPhase;
			buildActionMask = 2147483647;
			files = (
			);
			runOnlyForDeploymentPostprocessing = 0;
		};
/* End PBXFrameworksBuildPhase section */

/* Begin PBXGroup section */
		FA10316F2B7773A000FFBDC3 = {
			isa = PBXGroup;
			children = (
				FA10317A2B7773A000FFBDC3 /* ListOfWords */,
				FA1031912B7773A300FFBDC3 /* ListOfWordsTests */,
				FA10319B2B7773A300FFBDC3 /* ListOfWordsUITests */,
				FA1031792B7773A000FFBDC3 /* Products */,
				FA33EEB72B7A8AD800E5C3BF /* Frameworks */,
			);
			sourceTree = "<group>";
		};
		FA1031792B7773A000FFBDC3 /* Products */ = {
			isa = PBXGroup;
			children = (
				FA1031782B7773A000FFBDC3 /* ListOfWords.app */,
				FA10318E2B7773A300FFBDC3 /* ListOfWordsTests.xctest */,
				FA1031982B7773A300FFBDC3 /* ListOfWordsUITests.xctest */,
			);
			name = Products;
			sourceTree = "<group>";
		};
		FA10317A2B7773A000FFBDC3 /* ListOfWords */ = {
			isa = PBXGroup;
			children = (
				FA95DA8A2B78E48E006BC414 /* Resources */,
				FA4429912B779D280087F5EB /* Helpers */,
				FA4429832B7795170087F5EB /* Scenes */,
				FA10317B2B7773A000FFBDC3 /* AppDelegate.swift */,
				FA10317D2B7773A000FFBDC3 /* SceneDelegate.swift */,
				FA1031842B7773A300FFBDC3 /* Assets.xcassets */,
				FA1031862B7773A300FFBDC3 /* LaunchScreen.storyboard */,
				FA1031892B7773A300FFBDC3 /* Info.plist */,
			);
			path = ListOfWords;
			sourceTree = "<group>";
		};
		FA1031912B7773A300FFBDC3 /* ListOfWordsTests */ = {
			isa = PBXGroup;
			children = (
				FA1031922B7773A300FFBDC3 /* ListOfWordsTests.swift */,
			);
			path = ListOfWordsTests;
			sourceTree = "<group>";
		};
		FA10319B2B7773A300FFBDC3 /* ListOfWordsUITests */ = {
			isa = PBXGroup;
			children = (
				FA10319C2B7773A300FFBDC3 /* ListOfWordsUITests.swift */,
				FA10319E2B7773A300FFBDC3 /* ListOfWordsUITestsLaunchTests.swift */,
			);
			path = ListOfWordsUITests;
			sourceTree = "<group>";
		};
		FA33EEB72B7A8AD800E5C3BF /* Frameworks */ = {
			isa = PBXGroup;
			children = (
				FA33EEB82B7A8AD800E5C3BF /* CoreData.framework */,
			);
			name = Frameworks;
			sourceTree = "<group>";
		};
		FA4429832B7795170087F5EB /* Scenes */ = {
			isa = PBXGroup;
			children = (
				FA95DA8D2B79364B006BC414 /* WordDetails */,
				FA4429902B7796C30087F5EB /* ShowWordsList */,
			);
			path = Scenes;
			sourceTree = "<group>";
		};
		FA4429902B7796C30087F5EB /* ShowWordsList */ = {
			isa = PBXGroup;
			children = (
				FA95DA872B78DF76006BC414 /* cells */,
				FA4429842B7796B50087F5EB /* ListWordsPresenter.swift */,
				FA4429852B7796B50087F5EB /* ListWordsWorker.swift */,
				FA4429862B7796B50087F5EB /* ListWordsRouter.swift */,
				FA4429872B7796B50087F5EB /* ListWordsModels.swift */,
				FA4429882B7796B50087F5EB /* ListWordsViewController.swift */,
				FA4429892B7796B50087F5EB /* ListWordsInteractor.swift */,
			);
			path = ShowWordsList;
			sourceTree = "<group>";
		};
		FA4429912B779D280087F5EB /* Helpers */ = {
			isa = PBXGroup;
			children = (
				FA95DA9A2B7938A3006BC414 /* ToastMessage.swift */,
				FA33EEBD2B7A926F00E5C3BF /* DatabaseManager.swift */,
				FAA3D0F02B7D4173003D06B7 /* ResponseError.swift */,
			);
			path = Helpers;
			sourceTree = "<group>";
		};
		FA95DA872B78DF76006BC414 /* cells */ = {
			isa = PBXGroup;
			children = (
				FA95DA882B78DF9A006BC414 /* WordTableViewCell.swift */,
			);
			path = cells;
			sourceTree = "<group>";
		};
		FA95DA8A2B78E48E006BC414 /* Resources */ = {
			isa = PBXGroup;
			children = (
				FA95DA8B2B78E4A4006BC414 /* list_of_words.txt */,
			);
			path = Resources;
			sourceTree = "<group>";
		};
		FA95DA8D2B79364B006BC414 /* WordDetails */ = {
			isa = PBXGroup;
			children = (
				FA95DA8E2B79366E006BC414 /* WordDetailsPresenter.swift */,
				FA95DA8F2B79366E006BC414 /* WordDetailsWorker.swift */,
				FA95DA902B79366E006BC414 /* WordDetailsRouter.swift */,
				FA95DA912B79366E006BC414 /* WordDetailsModels.swift */,
				FA95DA922B79366E006BC414 /* WordDetailsViewController.swift */,
				FA95DA932B79366E006BC414 /* WordDetailsInteractor.swift */,
			);
			path = WordDetails;
			sourceTree = "<group>";
		};
/* End PBXGroup section */

/* Begin PBXNativeTarget section */
		FA1031772B7773A000FFBDC3 /* ListOfWords */ = {
			isa = PBXNativeTarget;
			buildConfigurationList = FA1031A22B7773A300FFBDC3 /* Build configuration list for PBXNativeTarget "ListOfWords" */;
			buildPhases = (
				FA1031742B7773A000FFBDC3 /* Sources */,
				FA1031752B7773A000FFBDC3 /* Frameworks */,
				FA1031762B7773A000FFBDC3 /* Resources */,
			);
			buildRules = (
			);
			dependencies = (
			);
			name = ListOfWords;
			productName = ListOfWords;
			productReference = FA1031782B7773A000FFBDC3 /* ListOfWords.app */;
			productType = "com.apple.product-type.application";
		};
		FA10318D2B7773A300FFBDC3 /* ListOfWordsTests */ = {
			isa = PBXNativeTarget;
			buildConfigurationList = FA1031A52B7773A300FFBDC3 /* Build configuration list for PBXNativeTarget "ListOfWordsTests" */;
			buildPhases = (
				FA10318A2B7773A300FFBDC3 /* Sources */,
				FA10318B2B7773A300FFBDC3 /* Frameworks */,
				FA10318C2B7773A300FFBDC3 /* Resources */,
			);
			buildRules = (
			);
			dependencies = (
				FA1031902B7773A300FFBDC3 /* PBXTargetDependency */,
			);
			name = ListOfWordsTests;
			productName = ListOfWordsTests;
			productReference = FA10318E2B7773A300FFBDC3 /* ListOfWordsTests.xctest */;
			productType = "com.apple.product-type.bundle.unit-test";
		};
		FA1031972B7773A300FFBDC3 /* ListOfWordsUITests */ = {
			isa = PBXNativeTarget;
			buildConfigurationList = FA1031A82B7773A300FFBDC3 /* Build configuration list for PBXNativeTarget "ListOfWordsUITests" */;
			buildPhases = (
				FA1031942B7773A300FFBDC3 /* Sources */,
				FA1031952B7773A300FFBDC3 /* Frameworks */,
				FA1031962B7773A300FFBDC3 /* Resources */,
			);
			buildRules = (
			);
			dependencies = (
				FA10319A2B7773A300FFBDC3 /* PBXTargetDependency */,
			);
			name = ListOfWordsUITests;
			productName = ListOfWordsUITests;
			productReference = FA1031982B7773A300FFBDC3 /* ListOfWordsUITests.xctest */;
			productType = "com.apple.product-type.bundle.ui-testing";
		};
/* End PBXNativeTarget section */

/* Begin PBXProject section */
		FA1031702B7773A000FFBDC3 /* Project object */ = {
			isa = PBXProject;
			attributes = {
				BuildIndependentTargetsInParallel = 1;
				LastSwiftUpdateCheck = 1500;
				LastUpgradeCheck = 1500;
				TargetAttributes = {
					FA1031772B7773A000FFBDC3 = {
						CreatedOnToolsVersion = 15.0;
					};
					FA10318D2B7773A300FFBDC3 = {
						CreatedOnToolsVersion = 15.0;
						TestTargetID = FA1031772B7773A000FFBDC3;
					};
					FA1031972B7773A300FFBDC3 = {
						CreatedOnToolsVersion = 15.0;
						TestTargetID = FA1031772B7773A000FFBDC3;
					};
				};
			};
			buildConfigurationList = FA1031732B7773A000FFBDC3 /* Build configuration list for PBXProject "ListOfWords" */;
			compatibilityVersion = "Xcode 14.0";
			developmentRegion = en;
			hasScannedForEncodings = 0;
			knownRegions = (
				en,
				Base,
			);
			mainGroup = FA10316F2B7773A000FFBDC3;
			productRefGroup = FA1031792B7773A000FFBDC3 /* Products */;
			projectDirPath = "";
			projectRoot = "";
			targets = (
				FA1031772B7773A000FFBDC3 /* ListOfWords */,
				FA10318D2B7773A300FFBDC3 /* ListOfWordsTests */,
				FA1031972B7773A300FFBDC3 /* ListOfWordsUITests */,
			);
		};
/* End PBXProject section */

/* Begin PBXResourcesBuildPhase section */
		FA1031762B7773A000FFBDC3 /* Resources */ = {
			isa = PBXResourcesBuildPhase;
			buildActionMask = 2147483647;
			files = (
				FA1031882B7773A300FFBDC3 /* LaunchScreen.storyboard in Resources */,
				FA1031852B7773A300FFBDC3 /* Assets.xcassets in Resources */,
				FA95DA8C2B78E4A4006BC414 /* list_of_words.txt in Resources */,
			);
			runOnlyForDeploymentPostprocessing = 0;
		};
		FA10318C2B7773A300FFBDC3 /* Resources */ = {
			isa = PBXResourcesBuildPhase;
			buildActionMask = 2147483647;
			files = (
			);
			runOnlyForDeploymentPostprocessing = 0;
		};
		FA1031962B7773A300FFBDC3 /* Resources */ = {
			isa = PBXResourcesBuildPhase;
			buildActionMask = 2147483647;
			files = (
			);
			runOnlyForDeploymentPostprocessing = 0;
		};
/* End PBXResourcesBuildPhase section */

/* Begin PBXSourcesBuildPhase section */
		FA1031742B7773A000FFBDC3 /* Sources */ = {
			isa = PBXSourcesBuildPhase;
			buildActionMask = 2147483647;
			files = (
				FA95DA972B79366E006BC414 /* WordDetailsModels.swift in Sources */,
				FA10317C2B7773A000FFBDC3 /* AppDelegate.swift in Sources */,
				FA95DA982B79366E006BC414 /* WordDetailsViewController.swift in Sources */,
				FA95DA992B79366E006BC414 /* WordDetailsInteractor.swift in Sources */,
				FA10317E2B7773A000FFBDC3 /* SceneDelegate.swift in Sources */,
				FA44298F2B7796B50087F5EB /* ListWordsInteractor.swift in Sources */,
				FA44298A2B7796B50087F5EB /* ListWordsPresenter.swift in Sources */,
				FA33EEBE2B7A926F00E5C3BF /* DatabaseManager.swift in Sources */,
				FA95DA962B79366E006BC414 /* WordDetailsRouter.swift in Sources */,
				FA44298D2B7796B50087F5EB /* ListWordsModels.swift in Sources */,
				FA44298B2B7796B50087F5EB /* ListWordsWorker.swift in Sources */,
				FA44298C2B7796B50087F5EB /* ListWordsRouter.swift in Sources */,
				FA95DA942B79366E006BC414 /* WordDetailsPresenter.swift in Sources */,
				FA44298E2B7796B50087F5EB /* ListWordsViewController.swift in Sources */,
				FA95DA9B2B7938A3006BC414 /* ToastMessage.swift in Sources */,
				FA95DA952B79366E006BC414 /* WordDetailsWorker.swift in Sources */,
				FAA3D0F12B7D4173003D06B7 /* ResponseError.swift in Sources */,
				FA95DA892B78DF9A006BC414 /* WordTableViewCell.swift in Sources */,
			);
			runOnlyForDeploymentPostprocessing = 0;
		};
		FA10318A2B7773A300FFBDC3 /* Sources */ = {
			isa = PBXSourcesBuildPhase;
			buildActionMask = 2147483647;
			files = (
				FA1031932B7773A300FFBDC3 /* ListOfWordsTests.swift in Sources */,
			);
			runOnlyForDeploymentPostprocessing = 0;
		};
		FA1031942B7773A300FFBDC3 /* Sources */ = {
			isa = PBXSourcesBuildPhase;
			buildActionMask = 2147483647;
			files = (
				FA10319D2B7773A300FFBDC3 /* ListOfWordsUITests.swift in Sources */,
				FA10319F2B7773A300FFBDC3 /* ListOfWordsUITestsLaunchTests.swift in Sources */,
			);
			runOnlyForDeploymentPostprocessing = 0;
		};
/* End PBXSourcesBuildPhase section */

/* Begin PBXTargetDependency section */
		FA1031902B7773A300FFBDC3 /* PBXTargetDependency */ = {
			isa = PBXTargetDependency;
			target = FA1031772B7773A000FFBDC3 /* ListOfWords */;
			targetProxy = FA10318F2B7773A300FFBDC3 /* PBXContainerItemProxy */;
		};
		FA10319A2B7773A300FFBDC3 /* PBXTargetDependency */ = {
			isa = PBXTargetDependency;
			target = FA1031772B7773A000FFBDC3 /* ListOfWords */;
			targetProxy = FA1031992B7773A300FFBDC3 /* PBXContainerItemProxy */;
		};
/* End PBXTargetDependency section */

/* Begin PBXVariantGroup section */
		FA1031862B7773A300FFBDC3 /* LaunchScreen.storyboard */ = {
			isa = PBXVariantGroup;
			children = (
				FA1031872B7773A300FFBDC3 /* Base */,
			);
			name = LaunchScreen.storyboard;
			sourceTree = "<group>";
		};
/* End PBXVariantGroup section */

/* Begin XCBuildConfiguration section */
		FA1031A02B7773A300FFBDC3 /* Debug */ = {
			isa = XCBuildConfiguration;
			buildSettings = {
				ALWAYS_SEARCH_USER_PATHS = NO;
				ASSETCATALOG_COMPILER_GENERATE_SWIFT_ASSET_SYMBOL_EXTENSIONS = YES;
				CLANG_ANALYZER_NONNULL = YES;
				CLANG_ANALYZER_NUMBER_OBJECT_CONVERSION = YES_AGGRESSIVE;
				CLANG_CXX_LANGUAGE_STANDARD = "gnu++20";
				CLANG_ENABLE_MODULES = YES;
				CLANG_ENABLE_OBJC_ARC = YES;
				CLANG_ENABLE_OBJC_WEAK = YES;
				CLANG_WARN_BLOCK_CAPTURE_AUTORELEASING = YES;
				CLANG_WARN_BOOL_CONVERSION = YES;
				CLANG_WARN_COMMA = YES;
				CLANG_WARN_CONSTANT_CONVERSION = YES;
				CLANG_WARN_DEPRECATED_OBJC_IMPLEMENTATIONS = YES;
				CLANG_WARN_DIRECT_OBJC_ISA_USAGE = YES_ERROR;
				CLANG_WARN_DOCUMENTATION_COMMENTS = YES;
				CLANG_WARN_EMPTY_BODY = YES;
				CLANG_WARN_ENUM_CONVERSION = YES;
				CLANG_WARN_INFINITE_RECURSION = YES;
				CLANG_WARN_INT_CONVERSION = YES;
				CLANG_WARN_NON_LITERAL_NULL_CONVERSION = YES;
				CLANG_WARN_OBJC_IMPLICIT_RETAIN_SELF = YES;
				CLANG_WARN_OBJC_LITERAL_CONVERSION = YES;
				CLANG_WARN_OBJC_ROOT_CLASS = YES_ERROR;
				CLANG_WARN_QUOTED_INCLUDE_IN_FRAMEWORK_HEADER = YES;
				CLANG_WARN_RANGE_LOOP_ANALYSIS = YES;
				CLANG_WARN_STRICT_PROTOTYPES = YES;
				CLANG_WARN_SUSPICIOUS_MOVE = YES;
				CLANG_WARN_UNGUARDED_AVAILABILITY = YES_AGGRESSIVE;
				CLANG_WARN_UNREACHABLE_CODE = YES;
				CLANG_WARN__DUPLICATE_METHOD_MATCH = YES;
				COPY_PHASE_STRIP = NO;
				DEBUG_INFORMATION_FORMAT = dwarf;
				ENABLE_STRICT_OBJC_MSGSEND = YES;
				ENABLE_TESTABILITY = YES;
				ENABLE_USER_SCRIPT_SANDBOXING = YES;
				GCC_C_LANGUAGE_STANDARD = gnu17;
				GCC_DYNAMIC_NO_PIC = NO;
				GCC_NO_COMMON_BLOCKS = YES;
				GCC_OPTIMIZATION_LEVEL = 0;
				GCC_PREPROCESSOR_DEFINITIONS = (
					"DEBUG=1",
					"$(inherited)",
				);
				GCC_WARN_64_TO_32_BIT_CONVERSION = YES;
				GCC_WARN_ABOUT_RETURN_TYPE = YES_ERROR;
				GCC_WARN_UNDECLARED_SELECTOR = YES;
				GCC_WARN_UNINITIALIZED_AUTOS = YES_AGGRESSIVE;
				GCC_WARN_UNUSED_FUNCTION = YES;
				GCC_WARN_UNUSED_VARIABLE = YES;
				IPHONEOS_DEPLOYMENT_TARGET = 15.0;
				LOCALIZATION_PREFERS_STRING_CATALOGS = YES;
				MTL_ENABLE_DEBUG_INFO = INCLUDE_SOURCE;
				MTL_FAST_MATH = YES;
				ONLY_ACTIVE_ARCH = YES;
				SDKROOT = iphoneos;
				SWIFT_ACTIVE_COMPILATION_CONDITIONS = "DEBUG $(inherited)";
				SWIFT_OPTIMIZATION_LEVEL = "-Onone";
			};
			name = Debug;
		};
		FA1031A12B7773A300FFBDC3 /* Release */ = {
			isa = XCBuildConfiguration;
			buildSettings = {
				ALWAYS_SEARCH_USER_PATHS = NO;
				ASSETCATALOG_COMPILER_GENERATE_SWIFT_ASSET_SYMBOL_EXTENSIONS = YES;
				CLANG_ANALYZER_NONNULL = YES;
				CLANG_ANALYZER_NUMBER_OBJECT_CONVERSION = YES_AGGRESSIVE;
				CLANG_CXX_LANGUAGE_STANDARD = "gnu++20";
				CLANG_ENABLE_MODULES = YES;
				CLANG_ENABLE_OBJC_ARC = YES;
				CLANG_ENABLE_OBJC_WEAK = YES;
				CLANG_WARN_BLOCK_CAPTURE_AUTORELEASING = YES;
				CLANG_WARN_BOOL_CONVERSION = YES;
				CLANG_WARN_COMMA = YES;
				CLANG_WARN_CONSTANT_CONVERSION = YES;
				CLANG_WARN_DEPRECATED_OBJC_IMPLEMENTATIONS = YES;
				CLANG_WARN_DIRECT_OBJC_ISA_USAGE = YES_ERROR;
				CLANG_WARN_DOCUMENTATION_COMMENTS = YES;
				CLANG_WARN_EMPTY_BODY = YES;
				CLANG_WARN_ENUM_CONVERSION = YES;
				CLANG_WARN_INFINITE_RECURSION = YES;
				CLANG_WARN_INT_CONVERSION = YES;
				CLANG_WARN_NON_LITERAL_NULL_CONVERSION = YES;
				CLANG_WARN_OBJC_IMPLICIT_RETAIN_SELF = YES;
				CLANG_WARN_OBJC_LITERAL_CONVERSION = YES;
				CLANG_WARN_OBJC_ROOT_CLASS = YES_ERROR;
				CLANG_WARN_QUOTED_INCLUDE_IN_FRAMEWORK_HEADER = YES;
				CLANG_WARN_RANGE_LOOP_ANALYSIS = YES;
				CLANG_WARN_STRICT_PROTOTYPES = YES;
				CLANG_WARN_SUSPICIOUS_MOVE = YES;
				CLANG_WARN_UNGUARDED_AVAILABILITY = YES_AGGRESSIVE;
				CLANG_WARN_UNREACHABLE_CODE = YES;
				CLANG_WARN__DUPLICATE_METHOD_MATCH = YES;
				COPY_PHASE_STRIP = NO;
				DEBUG_INFORMATION_FORMAT = "dwarf-with-dsym";
				ENABLE_NS_ASSERTIONS = NO;
				ENABLE_STRICT_OBJC_MSGSEND = YES;
				ENABLE_USER_SCRIPT_SANDBOXING = YES;
				GCC_C_LANGUAGE_STANDARD = gnu17;
				GCC_NO_COMMON_BLOCKS = YES;
				GCC_WARN_64_TO_32_BIT_CONVERSION = YES;
				GCC_WARN_ABOUT_RETURN_TYPE = YES_ERROR;
				GCC_WARN_UNDECLARED_SELECTOR = YES;
				GCC_WARN_UNINITIALIZED_AUTOS = YES_AGGRESSIVE;
				GCC_WARN_UNUSED_FUNCTION = YES;
				GCC_WARN_UNUSED_VARIABLE = YES;
				IPHONEOS_DEPLOYMENT_TARGET = 15.0;
				LOCALIZATION_PREFERS_STRING_CATALOGS = YES;
				MTL_ENABLE_DEBUG_INFO = NO;
				MTL_FAST_MATH = YES;
				SDKROOT = iphoneos;
				SWIFT_COMPILATION_MODE = wholemodule;
				VALIDATE_PRODUCT = YES;
			};
			name = Release;
		};
		FA1031A32B7773A300FFBDC3 /* Debug */ = {
			isa = XCBuildConfiguration;
			buildSettings = {
				ASSETCATALOG_COMPILER_APPICON_NAME = AppIcon;
				ASSETCATALOG_COMPILER_GLOBAL_ACCENT_COLOR_NAME = AccentColor;
				ASSETCATALOG_COMPILER_INCLUDE_ALL_APPICON_ASSETS = YES;
				CODE_SIGN_STYLE = Automatic;
				CURRENT_PROJECT_VERSION = 1;
				DEVELOPMENT_TEAM = 5N694U2NVC;
				GENERATE_INFOPLIST_FILE = YES;
				INFOPLIST_FILE = ListOfWords/Info.plist;
				INFOPLIST_KEY_CFBundleDisplayName = ListOfWords;
				INFOPLIST_KEY_UIApplicationSupportsIndirectInputEvents = YES;
				INFOPLIST_KEY_UILaunchStoryboardName = LaunchScreen.storyboard;
				INFOPLIST_KEY_UISupportedInterfaceOrientations = UIInterfaceOrientationPortrait;
				IPHONEOS_DEPLOYMENT_TARGET = 15.0;
				LD_RUNPATH_SEARCH_PATHS = (
					"$(inherited)",
					"@executable_path/Frameworks",
				);
				MARKETING_VERSION = 1.0;
				PRODUCT_BUNDLE_IDENTIFIER = pro.avgrebenkin.ListOfWords;
				PRODUCT_NAME = "$(TARGET_NAME)";
				SUPPORTED_PLATFORMS = "iphoneos iphonesimulator";
				SUPPORTS_MACCATALYST = NO;
				SUPPORTS_MAC_DESIGNED_FOR_IPHONE_IPAD = NO;
				SWIFT_EMIT_LOC_STRINGS = YES;
				SWIFT_VERSION = 5.0;
				TARGETED_DEVICE_FAMILY = 1;
			};
			name = Debug;
		};
		FA1031A42B7773A300FFBDC3 /* Release */ = {
			isa = XCBuildConfiguration;
			buildSettings = {
				ASSETCATALOG_COMPILER_APPICON_NAME = AppIcon;
				ASSETCATALOG_COMPILER_GLOBAL_ACCENT_COLOR_NAME = AccentColor;
				ASSETCATALOG_COMPILER_INCLUDE_ALL_APPICON_ASSETS = YES;
				CODE_SIGN_STYLE = Automatic;
				CURRENT_PROJECT_VERSION = 1;
				DEVELOPMENT_TEAM = 5N694U2NVC;
				GENERATE_INFOPLIST_FILE = YES;
				INFOPLIST_FILE = ListOfWords/Info.plist;
				INFOPLIST_KEY_CFBundleDisplayName = ListOfWords;
				INFOPLIST_KEY_UIApplicationSupportsIndirectInputEvents = YES;
				INFOPLIST_KEY_UILaunchStoryboardName = LaunchScreen.storyboard;
				INFOPLIST_KEY_UISupportedInterfaceOrientations = UIInterfaceOrientationPortrait;
				IPHONEOS_DEPLOYMENT_TARGET = 15.0;
				LD_RUNPATH_SEARCH_PATHS = (
					"$(inherited)",
					"@executable_path/Frameworks",
				);
				MARKETING_VERSION = 1.0;
				PRODUCT_BUNDLE_IDENTIFIER = pro.avgrebenkin.ListOfWords;
				PRODUCT_NAME = "$(TARGET_NAME)";
				SUPPORTED_PLATFORMS = "iphoneos iphonesimulator";
				SUPPORTS_MACCATALYST = NO;
				SUPPORTS_MAC_DESIGNED_FOR_IPHONE_IPAD = NO;
				SWIFT_EMIT_LOC_STRINGS = YES;
				SWIFT_VERSION = 5.0;
				TARGETED_DEVICE_FAMILY = 1;
			};
			name = Release;
		};
		FA1031A62B7773A300FFBDC3 /* Debug */ = {
			isa = XCBuildConfiguration;
			buildSettings = {
				ALWAYS_EMBED_SWIFT_STANDARD_LIBRARIES = YES;
				BUNDLE_LOADER = "$(TEST_HOST)";
				CODE_SIGN_STYLE = Automatic;
				CURRENT_PROJECT_VERSION = 1;
				DEVELOPMENT_TEAM = 5N694U2NVC;
				GENERATE_INFOPLIST_FILE = YES;
				IPHONEOS_DEPLOYMENT_TARGET = 15.0;
				MARKETING_VERSION = 1.0;
				PRODUCT_BUNDLE_IDENTIFIER = pro.avgrebenkin.ListOfWords.ListOfWordsTests;
				PRODUCT_NAME = "$(TARGET_NAME)";
				SUPPORTED_PLATFORMS = "iphoneos iphonesimulator";
				SUPPORTS_MACCATALYST = NO;
				SUPPORTS_MAC_DESIGNED_FOR_IPHONE_IPAD = NO;
				SWIFT_EMIT_LOC_STRINGS = NO;
				SWIFT_VERSION = 5.0;
				TARGETED_DEVICE_FAMILY = 1;
				TEST_HOST = "$(BUILT_PRODUCTS_DIR)/ListOfWords.app/$(BUNDLE_EXECUTABLE_FOLDER_PATH)/ListOfWords";
			};
			name = Debug;
		};
		FA1031A72B7773A300FFBDC3 /* Release */ = {
			isa = XCBuildConfiguration;
			buildSettings = {
				ALWAYS_EMBED_SWIFT_STANDARD_LIBRARIES = YES;
				BUNDLE_LOADER = "$(TEST_HOST)";
				CODE_SIGN_STYLE = Automatic;
				CURRENT_PROJECT_VERSION = 1;
				DEVELOPMENT_TEAM = 5N694U2NVC;
				GENERATE_INFOPLIST_FILE = YES;
				IPHONEOS_DEPLOYMENT_TARGET = 15.0;
				MARKETING_VERSION = 1.0;
				PRODUCT_BUNDLE_IDENTIFIER = pro.avgrebenkin.ListOfWords.ListOfWordsTests;
				PRODUCT_NAME = "$(TARGET_NAME)";
				SUPPORTED_PLATFORMS = "iphoneos iphonesimulator";
				SUPPORTS_MACCATALYST = NO;
				SUPPORTS_MAC_DESIGNED_FOR_IPHONE_IPAD = NO;
				SWIFT_EMIT_LOC_STRINGS = NO;
				SWIFT_VERSION = 5.0;
				TARGETED_DEVICE_FAMILY = 1;
				TEST_HOST = "$(BUILT_PRODUCTS_DIR)/ListOfWords.app/$(BUNDLE_EXECUTABLE_FOLDER_PATH)/ListOfWords";
			};
			name = Release;
		};
		FA1031A92B7773A300FFBDC3 /* Debug */ = {
			isa = XCBuildConfiguration;
			buildSettings = {
				ALWAYS_EMBED_SWIFT_STANDARD_LIBRARIES = YES;
				CODE_SIGN_STYLE = Automatic;
				CURRENT_PROJECT_VERSION = 1;
				DEVELOPMENT_TEAM = 5N694U2NVC;
				GENERATE_INFOPLIST_FILE = YES;
				MARKETING_VERSION = 1.0;
				PRODUCT_BUNDLE_IDENTIFIER = pro.avgrebenkin.ListOfWords.ListOfWordsUITests;
				PRODUCT_NAME = "$(TARGET_NAME)";
				SUPPORTED_PLATFORMS = "iphoneos iphonesimulator";
				SUPPORTS_MACCATALYST = NO;
				SUPPORTS_MAC_DESIGNED_FOR_IPHONE_IPAD = NO;
				SWIFT_EMIT_LOC_STRINGS = NO;
				SWIFT_VERSION = 5.0;
				TARGETED_DEVICE_FAMILY = 1;
				TEST_TARGET_NAME = ListOfWords;
			};
			name = Debug;
		};
		FA1031AA2B7773A300FFBDC3 /* Release */ = {
			isa = XCBuildConfiguration;
			buildSettings = {
				ALWAYS_EMBED_SWIFT_STANDARD_LIBRARIES = YES;
				CODE_SIGN_STYLE = Automatic;
				CURRENT_PROJECT_VERSION = 1;
				DEVELOPMENT_TEAM = 5N694U2NVC;
				GENERATE_INFOPLIST_FILE = YES;
				MARKETING_VERSION = 1.0;
				PRODUCT_BUNDLE_IDENTIFIER = pro.avgrebenkin.ListOfWords.ListOfWordsUITests;
				PRODUCT_NAME = "$(TARGET_NAME)";
				SUPPORTED_PLATFORMS = "iphoneos iphonesimulator";
				SUPPORTS_MACCATALYST = NO;
				SUPPORTS_MAC_DESIGNED_FOR_IPHONE_IPAD = NO;
				SWIFT_EMIT_LOC_STRINGS = NO;
				SWIFT_VERSION = 5.0;
				TARGETED_DEVICE_FAMILY = 1;
				TEST_TARGET_NAME = ListOfWords;
			};
			name = Release;
		};
/* End XCBuildConfiguration section */

/* Begin XCConfigurationList section */
		FA1031732B7773A000FFBDC3 /* Build configuration list for PBXProject "ListOfWords" */ = {
			isa = XCConfigurationList;
			buildConfigurations = (
				FA1031A02B7773A300FFBDC3 /* Debug */,
				FA1031A12B7773A300FFBDC3 /* Release */,
			);
			defaultConfigurationIsVisible = 0;
			defaultConfigurationName = Release;
		};
		FA1031A22B7773A300FFBDC3 /* Build configuration list for PBXNativeTarget "ListOfWords" */ = {
			isa = XCConfigurationList;
			buildConfigurations = (
				FA1031A32B7773A300FFBDC3 /* Debug */,
				FA1031A42B7773A300FFBDC3 /* Release */,
			);
			defaultConfigurationIsVisible = 0;
			defaultConfigurationName = Release;
		};
		FA1031A52B7773A300FFBDC3 /* Build configuration list for PBXNativeTarget "ListOfWordsTests" */ = {
			isa = XCConfigurationList;
			buildConfigurations = (
				FA1031A62B7773A300FFBDC3 /* Debug */,
				FA1031A72B7773A300FFBDC3 /* Release */,
			);
			defaultConfigurationIsVisible = 0;
			defaultConfigurationName = Release;
		};
		FA1031A82B7773A300FFBDC3 /* Build configuration list for PBXNativeTarget "ListOfWordsUITests" */ = {
			isa = XCConfigurationList;
			buildConfigurations = (
				FA1031A92B7773A300FFBDC3 /* Debug */,
				FA1031AA2B7773A300FFBDC3 /* Release */,
			);
			defaultConfigurationIsVisible = 0;
			defaultConfigurationName = Release;
		};
/* End XCConfigurationList section */
	};
	rootObject = FA1031702B7773A000FFBDC3 /* Project object */;
}
